
Microsoft Visual Studio Solution File, Format Version 12.00
# Visual Studio 15
VisualStudioVersion = 15.0.28010.2050
MinimumVisualStudioVersion = 10.0.40219.1
Project("{FAE04EC0-301F-11D3-BF4B-00C04F79EFBC}") = "MyShop.Core", "MyShop.Core\MyShop.Core.csproj", "{1FBF9D7C-B39A-4C3C-B2D5-5F0D1BCD55AE}"
EndProject
Project("{FAE04EC0-301F-11D3-BF4B-00C04F79EFBC}") = "MyShop.Services", "MyShop.Services\MyShop.Services.csproj", "{CFECF1EB-E645-43BF-9385-6A1290A2E67E}"
EndProject
Project("{FAE04EC0-301F-11D3-BF4B-00C04F79EFBC}") = "MyShop.DataAccess.SQL", "MyShop.DataAccess.SQL\MyShop.DataAccess.SQL.csproj", "{584A9F1E-303D-4FA2-85CB-8CF9E71BD865}"
EndProject
Project("{FAE04EC0-301F-11D3-BF4B-00C04F79EFBC}") = "MyShop.DataAccess.InMemory", "MyShop.DataAccess.InMemory\MyShop.DataAccess.InMemory.csproj", "{2E54508F-EEA9-4930-88FB-6CB2E5DFC3EB}"
EndProject
Project("{FAE04EC0-301F-11D3-BF4B-00C04F79EFBC}") = "MyShop.WebUI", "MyShop.WebUI\MyShop.WebUI.csproj", "{39B8B94F-ADBB-490F-A429-0897584C9ACF}"
EndProject
Project("{FAE04EC0-301F-11D3-BF4B-00C04F79EFBC}") = "MyShop.WebUI.Tests", "MyShop.WebUI.Tests\MyShop.WebUI.Tests.csproj", "{539343CC-76C5-4E93-80A2-3A5BAB59D79C}"
EndProject
Global
	GlobalSection(SolutionConfigurationPlatforms) = preSolution
		Debug|Any CPU = Debug|Any CPU
		Release|Any CPU = Release|Any CPU
	EndGlobalSection
	GlobalSection(ProjectConfigurationPlatforms) = postSolution
		{1FBF9D7C-B39A-4C3C-B2D5-5F0D1BCD55AE}.Debug|Any CPU.ActiveCfg = Debug|Any CPU
		{1FBF9D7C-B39A-4C3C-B2D5-5F0D1BCD55AE}.Debug|Any CPU.Build.0 = Debug|Any CPU
		{1FBF9D7C-B39A-4C3C-B2D5-5F0D1BCD55AE}.Release|Any CPU.ActiveCfg = Release|Any CPU
		{1FBF9D7C-B39A-4C3C-B2D5-5F0D1BCD55AE}.Release|Any CPU.Build.0 = Release|Any CPU
		{CFECF1EB-E645-43BF-9385-6A1290A2E67E}.Debug|Any CPU.ActiveCfg = Debug|Any CPU
		{CFECF1EB-E645-43BF-9385-6A1290A2E67E}.Debug|Any CPU.Build.0 = Debug|Any CPU
		{CFECF1EB-E645-43BF-9385-6A1290A2E67E}.Release|Any CPU.ActiveCfg = Release|Any CPU
		{CFECF1EB-E645-43BF-9385-6A1290A2E67E}.Release|Any CPU.Build.0 = Release|Any CPU
		{584A9F1E-303D-4FA2-85CB-8CF9E71BD865}.Debug|Any CPU.ActiveCfg = Debug|Any CPU
		{584A9F1E-303D-4FA2-85CB-8CF9E71BD865}.Debug|Any CPU.Build.0 = Debug|Any CPU
		{584A9F1E-303D-4FA2-85CB-8CF9E71BD865}.Release|Any CPU.ActiveCfg = Release|Any CPU
		{584A9F1E-303D-4FA2-85CB-8CF9E71BD865}.Release|Any CPU.Build.0 = Release|Any CPU
		{2E54508F-EEA9-4930-88FB-6CB2E5DFC3EB}.Debug|Any CPU.ActiveCfg = Debug|Any CPU
		{2E54508F-EEA9-4930-88FB-6CB2E5DFC3EB}.Debug|Any CPU.Build.0 = Debug|Any CPU
		{2E54508F-EEA9-4930-88FB-6CB2E5DFC3EB}.Release|Any CPU.ActiveCfg = Release|Any CPU
		{2E54508F-EEA9-4930-88FB-6CB2E5DFC3EB}.Release|Any CPU.Build.0 = Release|Any CPU
		{39B8B94F-ADBB-490F-A429-0897584C9ACF}.Debug|Any CPU.ActiveCfg = Debug|Any CPU
		{39B8B94F-ADBB-490F-A429-0897584C9ACF}.Debug|Any CPU.Build.0 = Debug|Any CPU
		{39B8B94F-ADBB-490F-A429-0897584C9ACF}.Release|Any CPU.ActiveCfg = Release|Any CPU
		{39B8B94F-ADBB-490F-A429-0897584C9ACF}.Release|Any CPU.Build.0 = Release|Any CPU
		{539343CC-76C5-4E93-80A2-3A5BAB59D79C}.Debug|Any CPU.ActiveCfg = Debug|Any CPU
		{539343CC-76C5-4E93-80A2-3A5BAB59D79C}.Debug|Any CPU.Build.0 = Debug|Any CPU
		{539343CC-76C5-4E93-80A2-3A5BAB59D79C}.Release|Any CPU.ActiveCfg = Release|Any CPU
		{539343CC-76C5-4E93-80A2-3A5BAB59D79C}.Release|Any CPU.Build.0 = Release|Any CPU
	EndGlobalSection
	GlobalSection(SolutionProperties) = preSolution
		HideSolutionNode = FALSE
	EndGlobalSection
	GlobalSection(ExtensibilityGlobals) = postSolution
		SolutionGuid = {32B8C7C1-7E2F-4F60-A889-AC971B27B7E3}
	EndGlobalSection
EndGlobal
